{
  "name": "md-loader",
  "version": "1.0.0",
  "lockfileVersion": 1,
  "requires": true,
  "dependencies": {
    "ansicolor": {
      "version": "1.1.92",
      "resolved": "https://registry.npmjs.org/ansicolor/-/ansicolor-1.1.92.tgz",
      "integrity": "sha512-2jRpULfLpLvFeYYxIu1z6i0LQ4Khj/UxecsrdJ+837P0AVOW3smdKHpHmeKVYHZPG67o3jQFdMjNvPwktwPmZg=="
    },
    "as-table": {
      "version": "1.0.55",
      "resolved": "https://registry.npmjs.org/as-table/-/as-table-1.0.55.tgz",
      "integrity": "sha512-xvsWESUJn0JN421Xb9MQw6AsMHRCUknCe0Wjlxvjud80mU4E6hQf1A6NzQKcYNmYw62MfzEtXc+badstZP3JpQ==",
      "requires": {
        "printable-characters": "^1.0.42"
      }
    },
    "ccxt": {
      "version": "1.18.1300",
      "resolved": "https://registry.npmjs.org/ccxt/-/ccxt-1.18.1300.tgz",
      "integrity": "sha512-gKIjA+HS/VOY57Ld1RFs7EHQ48I/okPDhDPUiIOa2Szwfmv2NFVMcWA+O78rxlItyzhoAFTDhmyWRi262WxDPw=="
    },
    "data-uri-to-buffer": {
      "version": "2.0.2",
      "resolved": "https://registry.npmjs.org/data-uri-to-buffer/-/data-uri-to-buffer-2.0.2.tgz",
      "integrity": "sha512-ND9qDTLc6diwj+Xe5cdAgVTbLVdXbtxTJRXRhli8Mowuaan+0EJOtdqJ0QCHNSSPyoXGx9HX2/VMnKeC34AChA=="
    },
    "denque": {
      "version": "1.5.0",
      "resolved": "https://registry.npmjs.org/denque/-/denque-1.5.0.tgz",
      "integrity": "sha512-CYiCSgIF1p6EUByQPlGkKnP1M9g0ZV3qMIrqMqZqdwazygIA/YP2vrbcyl1h/WppKJTdl1F85cXIle+394iDAQ=="
    },
    "get-source": {
      "version": "1.0.42",
      "resolved": "https://registry.npmjs.org/get-source/-/get-source-1.0.42.tgz",
      "integrity": "sha512-uM5xCIG5w2meVbiZaID4ajH6J8OfApqhlKXtZwsS/IIM9PLb0b2kc5sRdy78yEDfxsIYEWNk0OVxai6OpDCExA==",
      "requires": {
        "data-uri-to-buffer": "^2.0.0",
        "source-map": "^0.6.1"
      }
    },
    "ololog": {
      "version": "1.1.149",
      "resolved": "https://registry.npmjs.org/ololog/-/ololog-1.1.149.tgz",
      "integrity": "sha512-5uL5RhBwaOhvb69w5d79bRphg/A98uJ7HgfBZMpl9a9dTYxqS1J56axQQSWZ6Nb646dT5iOQVw9khLiVvqw/yg==",
      "requires": {
        "ansicolor": "^1.1.84",
        "pipez": "^1.1.12",
        "printable-characters": "^1.0.42",
        "stacktracey": "^1.2.122",
        "string.bullet": "^1.0.12",
        "string.ify": "^1.0.57"
      }
    },
    "pipez": {
      "version": "1.1.12",
      "resolved": "https://registry.npmjs.org/pipez/-/pipez-1.1.12.tgz",
      "integrity": "sha1-s1nOVAHpNfEp+koJT83omvuENtg="
    },
    "printable-characters": {
      "version": "1.0.42",
      "resolved": "https://registry.npmjs.org/printable-characters/-/printable-characters-1.0.42.tgz",
      "integrity": "sha1-Pxjpd6m9jrN/zE/1ZZ176Qhos9g="
    },
    "redis": {
      "version": "3.1.1",
      "resolved": "https://registry.npmjs.org/redis/-/redis-3.1.1.tgz",
      "integrity": "sha512-QhkKhOuzhogR1NDJfBD34TQJz2ZJwDhhIC6ZmvpftlmfYShHHQXjjNspAJ+Z2HH5NwSBVYBVganbiZ8bgFMHjg==",
      "requires": {
        "denque": "^1.5.0",
        "redis-commands": "^1.7.0",
        "redis-errors": "^1.2.0",
        "redis-parser": "^3.0.0"
      }
    },
    "redis-commands": {
      "version": "1.7.0",
      "resolved": "https://registry.npmjs.org/redis-commands/-/redis-commands-1.7.0.tgz",
      "integrity": "sha512-nJWqw3bTFy21hX/CPKHth6sfhZbdiHP6bTawSgQBlKOVRG7EZkfHbbHwQJnrE4vsQf0CMNE+3gJ4Fmm16vdVlQ=="
    },
    "redis-errors": {
      "version": "1.2.0",
      "resolved": "https://registry.npmjs.org/redis-errors/-/redis-errors-1.2.0.tgz",
      "integrity": "sha1-62LSrbFeTq9GEMBK/hUpOEJQq60="
    },
    "redis-parser": {
      "version": "3.0.0",
      "resolved": "https://registry.npmjs.org/redis-parser/-/redis-parser-3.0.0.tgz",
      "integrity": "sha1-tm2CjNyv5rS4pCin3vTGvKwxyLQ=",
      "requires": {
        "redis-errors": "^1.0.0"
      }
    },
    "source-map": {
      "version": "0.6.1",
      "resolved": "https://registry.npmjs.org/source-map/-/source-map-0.6.1.tgz",
      "integrity": "sha512-UjgapumWlbMhkBgzT7Ykc5YXUT46F0iKu8SGXq0bcwP5dz/h0Plj6enJqjz1Zbq2l5WaqYnrVbwWOWMyF3F47g=="
    },
    "stacktracey": {
      "version": "1.2.122",
      "resolved": "https://registry.npmjs.org/stacktracey/-/stacktracey-1.2.122.tgz",
      "integrity": "sha512-U5tLJJNU+ziGlpsi75osLyYJCN9deU1siCsNF8FwPuY4hVcX1xJLJg3ElH1tkqqRG13uLMCh4LxL9w8ZuLuCeA==",
      "requires": {
        "as-table": "^1.0.36",
        "get-source": "^1.0.42"
      }
    },
    "string.bullet": {
      "version": "1.0.12",
      "resolved": "https://registry.npmjs.org/string.bullet/-/string.bullet-1.0.12.tgz",
      "integrity": "sha1-tB/EF4UKV+QEK/PPNHtu7iV+4lM=",
      "requires": {
        "printable-characters": "^1.0.26"
      }
    },
    "string.ify": {
      "version": "1.0.61",
      "resolved": "https://registry.npmjs.org/string.ify/-/string.ify-1.0.61.tgz",
      "integrity": "sha512-ROVOYWN8B62bP1LUJIDK6/NooBrN8xIvpV8Ugssbw7Oa4YKJmiOeoEomhDLLRVpYHo0vOBCpEM8RFpxUk9KDIQ==",
      "requires": {
        "printable-characters": "^1.0.42",
        "string.bullet": "^1.0.12"
      }
    }
  }
}
